<?xml version="1.0" encoding="utf-8"?>
<Project ToolsVersion="4.0" xmlns="http://schemas.microsoft.com/developer/msbuild/2003">
  <ItemGroup>
    <Filter Include="Source Files">
      <UniqueIdentifier>{4FC737F1-C7A5-4376-A066-2A32D752A2FF}</UniqueIdentifier>
      <Extensions>cpp;c;cc;cxx;def;odl;idl;hpj;bat;asm;asmx</Extensions>
    </Filter>
    <Filter Include="Header Files">
      <UniqueIdentifier>{93995380-89BD-4b04-88EB-625FBE52EBFB}</UniqueIdentifier>
      <Extensions>h;hpp;hxx;hm;inl;inc;xsd</Extensions>
    </Filter>
    <Filter Include="Resource Files">
      <UniqueIdentifier>{67DA6AB6-F800-4c08-8B7A-83BB121AAD01}</UniqueIdentifier>
      <Extensions>rc;ico;cur;bmp;dlg;rc2;rct;bin;rgs;gif;jpg;jpeg;jpe;resx;tiff;tif;png;wav;mfcribbon-ms</Extensions>
    </Filter>
  </ItemGroup>
  <ItemGroup>
    <ClCompile Include="sources\bmp.c">
      <Filter>Source Files</Filter>
    </ClCompile>
    <ClCompile Include="sources\char_recog.c">
      <Filter>Source Files</Filter>
    </ClCompile>
    <ClCompile Include="sources\common.c">
      <Filter>Source Files</Filter>
    </ClCompile>
    <ClCompile Include="sources\feature.c">
      <Filter>Source Files</Filter>
    </ClCompile>
    <ClCompile Include="sources\main.c">
      <Filter>Source Files</Filter>
    </ClCompile>
    <ClCompile Include="sources\neuron.c">
      <Filter>Source Files</Filter>
    </ClCompile>
    <ClCompile Include="sources\ocr_procs.cpp">
      <Filter>Source Files</Filter>
    </ClCompile>
    <ClCompile Include="sources\pre_procs.c">
      <Filter>Source Files</Filter>
    </ClCompile>
    <ClCompile Include="sources\segment.c">
      <Filter>Source Files</Filter>
    </ClCompile>
    <ClCompile Include="sources\utilities.c">
      <Filter>Source Files</Filter>
    </ClCompile>
  </ItemGroup>
  <ItemGroup>
    <ClInclude Include="sources\bmp.h">
      <Filter>Header Files</Filter>
    </ClInclude>
    <ClInclude Include="sources\char_recog.h">
      <Filter>Header Files</Filter>
    </ClInclude>
    <ClInclude Include="sources\common.h">
      <Filter>Header Files</Filter>
    </ClInclude>
    <ClInclude Include="sources\feature.h">
      <Filter>Header Files</Filter>
    </ClInclude>
    <ClInclude Include="sources\neuron.h">
      <Filter>Header Files</Filter>
    </ClInclude>
    <ClInclude Include="sources\ocr_procs.h">
      <Filter>Header Files</Filter>
    </ClInclude>
    <ClInclude Include="sources\pre_procs.h">
      <Filter>Header Files</Filter>
    </ClInclude>
    <ClInclude Include="sources\segment.h">
      <Filter>Header Files</Filter>
    </ClInclude>
    <ClInclude Include="sources\utilities.h">
      <Filter>Header Files</Filter>
    </ClInclude>
    <ClInclude Include="sources\types.h">
      <Filter>Header Files</Filter>
    </ClInclude>
  </ItemGroup>
</Project>